{
    __meta__ = {
        version = "1.0"
    },
    ["windows|x64"] = {
        ["bmk#f56260b5"] = {
            repo = {
                commit = "d39bc83ee1282450a358a86fc64ad7eff5682110",
                url = "https://github.com/gabriel-andreescu/BethesdaModKit"
            },
            version = "latest"
        },
        ["clib-util 1.5.0#f56260b5"] = {
            repo = {
                commit = "d39bc83ee1282450a358a86fc64ad7eff5682110",
                url = "https://github.com/gabriel-andreescu/BethesdaModKit"
            },
            version = "1.5.0"
        },
        ["cmake#f56260b5"] = {
            repo = {
                branch = "master",
                commit = "745d74023a324ccd997857d4950d79ac28ca2981",
                url = "https://github.com/xmake-io/xmake-repo.git"
            },
            version = "4.3.4"
        },
        ["commonlibsse-ng 8.0.1#f56260b5"] = {
            repo = {
                commit = "d39bc83ee1282450a358a86fc64ad7eff5682110",
                url = "https://github.com/gabriel-andreescu/BethesdaModKit"
            },
            version = "8.0.1"
        },
        ["directxmath 2024.02#f56260b5"] = {
            repo = {
                branch = "master",
                commit = "745d74023a324ccd997857d4950d79ac28ca2981",
                url = "https://github.com/xmake-io/xmake-repo.git"
            },
            version = "2024.02"
        },
        ["directxtk 24.2.0#f56260b5"] = {
            repo = {
                branch = "master",
                commit = "745d74023a324ccd997857d4950d79ac28ca2981",
                url = "https://github.com/xmake-io/xmake-repo.git"
            },
            version = "24.2.0"
        },
        ["ninja#f56260b5"] = {
            repo = {
                branch = "master",
                commit = "745d74023a324ccd997857d4950d79ac28ca2981",
                url = "https://github.com/xmake-io/xmake-repo.git"
            },
            version = "v1.13.2"
        },
        ["rapidcsv v8.92#f56260b5"] = {
            repo = {
                branch = "master",
                commit = "745d74023a324ccd997857d4950d79ac28ca2981",
                url = "https://github.com/xmake-io/xmake-repo.git"
            },
            version = "v8.92"
        },
        ["spdlog v1.16.0#09c8c173"] = {
            repo = {
                branch = "master",
                commit = "745d74023a324ccd997857d4950d79ac28ca2981",
                url = "https://github.com/xmake-io/xmake-repo.git"
            },
            version = "v1.16.0"
        },
        ["xbyak v7.06#f56260b5"] = {
            repo = {
                branch = "master",
                commit = "745d74023a324ccd997857d4950d79ac28ca2981",
                url = "https://github.com/xmake-io/xmake-repo.git"
            },
            version = "v7.06"
        }
    }
}