{
    __meta__ = {
        version = "1.0"
    },
    bmk = {
        repo = {
            commit = "d39bc83ee1282450a358a86fc64ad7eff5682110",
            url = "https://github.com/gabriel-andreescu/BethesdaModKit"
        },
        version = "0.5.0"
    },
    ["xmake-luals"] = {
        repo = {
            commit = "5a38f3c10d9674c36f981f28b2326c7de5f0717e",
            url = "https://github.com/gabriel-andreescu/xmake-luals.git"
        },
        version = "0.1.1"
    }
}